// !$*UTF8*$!
{
	archiveVersion = 1;
	classes = {
	};
	objectVersion = 46;
	objects = {

/* Begin PBXBuildFile section */
		27D37CD15A72E07A48278253 /* Pods_crio_ios.framework in Frameworks */ = {isa = PBXBuildFile; fileRef = 9258608FF7B920DB424D9E03 /* Pods_crio_ios.framework */; };
		2806B4F11E370C2600CAC645 /* AppDelegate.swift in Sources */ = {isa = PBXBuildFile; fileRef = 2806B4F01E370C2600CAC645 /* AppDelegate.swift */; };
		2806B4F31E370C2600CAC645 /* ViewController.swift in Sources */ = {isa = PBXBuildFile; fileRef = 2806B4F21E370C2600CAC645 /* ViewController.swift */; };
		2806B4F61E370C2600CAC645 /* Main.storyboard in Resources */ = {isa = PBXBuildFile; fileRef = 2806B4F41E370C2600CAC645 /* Main.storyboard */; };
		2806B4F81E370C2600CAC645 /* Assets.xcassets in Resources */ = {isa = PBXBuildFile; fileRef = 2806B4F71E370C2600CAC645 /* Assets.xcassets */; };
		2806B4FB1E370C2600CAC645 /* LaunchScreen.storyboard in Resources */ = {isa = PBXBuildFile; fileRef = 2806B4F91E370C2600CAC645 /* LaunchScreen.storyboard */; };
		28639B941ED2B2930014728A /* CrioSite.swift in Sources */ = {isa = PBXBuildFile; fileRef = 28639B931ED2B2930014728A /* CrioSite.swift */; };
		286937D71EDB806A00FB1C54 /* crioWebService.swift in Sources */ = {isa = PBXBuildFile; fileRef = 286937D61EDB806A00FB1C54 /* crioWebService.swift */; };
		28D5CAD01E552C5C00691582 /* login_background_portrait.png in Resources */ = {isa = PBXBuildFile; fileRef = 28D5CACF1E552C5C00691582 /* login_background_portrait.png */; };
		28D5CAD21E5534EA00691582 /* logo.png in Resources */ = {isa = PBXBuildFile; fileRef = 28D5CAD11E5534EA00691582 /* logo.png */; };
		28DF5D8C1ED1E56400A41A14 /* logInRequest.swift in Sources */ = {isa = PBXBuildFile; fileRef = 28DF5D8B1ED1E56400A41A14 /* logInRequest.swift */; };
		28DF5D921ED1F93B00A41A14 /* loginResponse.swift in Sources */ = {isa = PBXBuildFile; fileRef = 28DF5D911ED1F93B00A41A14 /* loginResponse.swift */; };
		28DF5D941ED2904200A41A14 /* CrioUser.swift in Sources */ = {isa = PBXBuildFile; fileRef = 28DF5D931ED2904200A41A14 /* CrioUser.swift */; };
/* End PBXBuildFile section */

/* Begin PBXFileReference section */
		2806B4ED1E370C2600CAC645 /* crio-ios.app */ = {isa = PBXFileReference; explicitFileType = wrapper.application; includeInIndex = 0; path = "crio-ios.app"; sourceTree = BUILT_PRODUCTS_DIR; };
		2806B4F01E370C2600CAC645 /* AppDelegate.swift */ = {isa = PBXFileReference; lastKnownFileType = sourcecode.swift; path = AppDelegate.swift; sourceTree = "<group>"; };
		2806B4F21E370C2600CAC645 /* ViewController.swift */ = {isa = PBXFileReference; lastKnownFileType = sourcecode.swift; path = ViewController.swift; sourceTree = "<group>"; };
		2806B4F51E370C2600CAC645 /* Base */ = {isa = PBXFileReference; lastKnownFileType = file.storyboard; name = Base; path = Base.lproj/Main.storyboard; sourceTree = "<group>"; };
		2806B4F71E370C2600CAC645 /* Assets.xcassets */ = {isa = PBXFileReference; lastKnownFileType = folder.assetcatalog; path = Assets.xcassets; sourceTree = "<group>"; };
		2806B4FA1E370C2600CAC645 /* Base */ = {isa = PBXFileReference; lastKnownFileType = file.storyboard; name = Base; path = Base.lproj/LaunchScreen.storyboard; sourceTree = "<group>"; };
		2806B4FC1E370C2600CAC645 /* Info.plist */ = {isa = PBXFileReference; lastKnownFileType = text.plist.xml; path = Info.plist; sourceTree = "<group>"; };
		28639B931ED2B2930014728A /* CrioSite.swift */ = {isa = PBXFileReference; fileEncoding = 4; lastKnownFileType = sourcecode.swift; path = CrioSite.swift; sourceTree = "<group>"; };
		286937D61EDB806A00FB1C54 /* crioWebService.swift */ = {isa = PBXFileReference; fileEncoding = 4; lastKnownFileType = sourcecode.swift; path = crioWebService.swift; sourceTree = "<group>"; };
		28D5CACF1E552C5C00691582 /* login_background_portrait.png */ = {isa = PBXFileReference; lastKnownFileType = image.png; path = login_background_portrait.png; sourceTree = "<group>"; };
		28D5CAD11E5534EA00691582 /* logo.png */ = {isa = PBXFileReference; lastKnownFileType = image.png; path = logo.png; sourceTree = "<group>"; };
		28DF5D8B1ED1E56400A41A14 /* logInRequest.swift */ = {isa = PBXFileReference; fileEncoding = 4; lastKnownFileType = sourcecode.swift; path = logInRequest.swift; sourceTree = "<group>"; };
		28DF5D911ED1F93B00A41A14 /* loginResponse.swift */ = {isa = PBXFileReference; fileEncoding = 4; lastKnownFileType = sourcecode.swift; name = loginResponse.swift; path = ../loginResponse.swift; sourceTree = "<group>"; };
		28DF5D931ED2904200A41A14 /* CrioUser.swift */ = {isa = PBXFileReference; fileEncoding = 4; lastKnownFileType = sourcecode.swift; path = CrioUser.swift; sourceTree = "<group>"; };
		6B7B553468A4E1138ECD5047 /* Pods-crio-ios.debug.xcconfig */ = {isa = PBXFileReference; includeInIndex = 1; lastKnownFileType = text.xcconfig; name = "Pods-crio-ios.debug.xcconfig"; path = "Pods/Target Support Files/Pods-crio-ios/Pods-crio-ios.debug.xcconfig"; sourceTree = "<group>"; };
		9258608FF7B920DB424D9E03 /* Pods_crio_ios.framework */ = {isa = PBXFileReference; explicitFileType = wrapper.framework; includeInIndex = 0; path = Pods_crio_ios.framework; sourceTree = BUILT_PRODUCTS_DIR; };
		E05D55B913F58ADF9B663503 /* Pods-crio-ios.release.xcconfig */ = {isa = PBXFileReference; includeInIndex = 1; lastKnownFileType = text.xcconfig; name = "Pods-crio-ios.release.xcconfig"; path = "Pods/Target Support Files/Pods-crio-ios/Pods-crio-ios.release.xcconfig"; sourceTree = "<group>"; };
/* End PBXFileReference section */

/* Begin PBXFrameworksBuildPhase section */
		2806B4EA1E370C2600CAC645 /* Frameworks */ = {
			isa = PBXFrameworksBuildPhase;
			buildActionMask = 2147483647;
			files = (
				27D37CD15A72E07A48278253 /* Pods_crio_ios.framework in Frameworks */,
			);
			runOnlyForDeploymentPostprocessing = 0;
		};
/* End PBXFrameworksBuildPhase section */

/* Begin PBXGroup section */
		0955559EB31B0C8F7FE14B50 /* Frameworks */ = {
			isa = PBXGroup;
			children = (
				9258608FF7B920DB424D9E03 /* Pods_crio_ios.framework */,
			);
			name = Frameworks;
			sourceTree = "<group>";
		};
		2806B4E41E370C2600CAC645 = {
			isa = PBXGroup;
			children = (
				2806B4EF1E370C2600CAC645 /* crio-ios */,
				2806B4EE1E370C2600CAC645 /* Products */,
				BCB88E5FC268BBB8F4ECB00E /* Pods */,
				0955559EB31B0C8F7FE14B50 /* Frameworks */,
			);
			sourceTree = "<group>";
		};
		2806B4EE1E370C2600CAC645 /* Products */ = {
			isa = PBXGroup;
			children = (
				2806B4ED1E370C2600CAC645 /* crio-ios.app */,
			);
			name = Products;
			sourceTree = "<group>";
		};
		2806B4EF1E370C2600CAC645 /* crio-ios */ = {
			isa = PBXGroup;
			children = (
				2806B4F01E370C2600CAC645 /* AppDelegate.swift */,
				2806B4F21E370C2600CAC645 /* ViewController.swift */,
				2806B4F41E370C2600CAC645 /* Main.storyboard */,
				2806B4F71E370C2600CAC645 /* Assets.xcassets */,
				2806B4F91E370C2600CAC645 /* LaunchScreen.storyboard */,
				2806B4FC1E370C2600CAC645 /* Info.plist */,
				28D5CACF1E552C5C00691582 /* login_background_portrait.png */,
				28DF5D901ED1F90D00A41A14 /* CRIOWebService */,
				28D5CAD11E5534EA00691582 /* logo.png */,
			);
			path = "crio-ios";
			sourceTree = "<group>";
		};
		28DF5D901ED1F90D00A41A14 /* CRIOWebService */ = {
			isa = PBXGroup;
			children = (
				28DF5D911ED1F93B00A41A14 /* loginResponse.swift */,
				286937D61EDB806A00FB1C54 /* crioWebService.swift */,
				28DF5D8B1ED1E56400A41A14 /* logInRequest.swift */,
				28DF5D931ED2904200A41A14 /* CrioUser.swift */,
				28639B931ED2B2930014728A /* CrioSite.swift */,
			);
			name = CRIOWebService;
			sourceTree = "<group>";
		};
		BCB88E5FC268BBB8F4ECB00E /* Pods */ = {
			isa = PBXGroup;
			children = (
				6B7B553468A4E1138ECD5047 /* Pods-crio-ios.debug.xcconfig */,
				E05D55B913F58ADF9B663503 /* Pods-crio-ios.release.xcconfig */,
			);
			name = Pods;
			sourceTree = "<group>";
		};
/* End PBXGroup section */

/* Begin PBXNativeTarget section */
		2806B4EC1E370C2600CAC645 /* crio-ios */ = {
			isa = PBXNativeTarget;
			buildConfigurationList = 2806B4FF1E370C2600CAC645 /* Build configuration list for PBXNativeTarget "crio-ios" */;
			buildPhases = (
				63BACED6BB9CDE6F39FB8BD6 /* [CP] Check Pods Manifest.lock */,
				2806B4E91E370C2600CAC645 /* Sources */,
				2806B4EA1E370C2600CAC645 /* Frameworks */,
				2806B4EB1E370C2600CAC645 /* Resources */,
				A6E5E1CC9E0E8A6761DDE090 /* [CP] Embed Pods Frameworks */,
				D51E41AF7E86653D4AD219F6 /* [CP] Copy Pods Resources */,
			);
			buildRules = (
			);
			dependencies = (
			);
			name = "crio-ios";
			productName = "crio-ios";
			productReference = 2806B4ED1E370C2600CAC645 /* crio-ios.app */;
			productType = "com.apple.product-type.application";
		};
/* End PBXNativeTarget section */

/* Begin PBXProject section */
		2806B4E51E370C2600CAC645 /* Project object */ = {
			isa = PBXProject;
			attributes = {
				LastSwiftUpdateCheck = 0820;
				LastUpgradeCheck = 0820;
				ORGANIZATIONNAME = Home;
				TargetAttributes = {
					2806B4EC1E370C2600CAC645 = {
						CreatedOnToolsVersion = 8.2.1;
						LastSwiftMigration = 0830;
						ProvisioningStyle = Automatic;
					};
				};
			};
			buildConfigurationList = 2806B4E81E370C2600CAC645 /* Build configuration list for PBXProject "crio-ios" */;
			compatibilityVersion = "Xcode 3.2";
			developmentRegion = English;
			hasScannedForEncodings = 0;
			knownRegions = (
				en,
				Base,
			);
			mainGroup = 2806B4E41E370C2600CAC645;
			productRefGroup = 2806B4EE1E370C2600CAC645 /* Products */;
			projectDirPath = "";
			projectRoot = "";
			targets = (
				2806B4EC1E370C2600CAC645 /* crio-ios */,
			);
		};
/* End PBXProject section */

/* Begin PBXResourcesBuildPhase section */
		2806B4EB1E370C2600CAC645 /* Resources */ = {
			isa = PBXResourcesBuildPhase;
			buildActionMask = 2147483647;
			files = (
				28D5CAD01E552C5C00691582 /* login_background_portrait.png in Resources */,
				28D5CAD21E5534EA00691582 /* logo.png in Resources */,
				2806B4FB1E370C2600CAC645 /* LaunchScreen.storyboard in Resources */,
				2806B4F81E370C2600CAC645 /* Assets.xcassets in Resources */,
				2806B4F61E370C2600CAC645 /* Main.storyboard in Resources */,
			);
			runOnlyForDeploymentPostprocessing = 0;
		};
/* End PBXResourcesBuildPhase section */

/* Begin PBXShellScriptBuildPhase section */
		63BACED6BB9CDE6F39FB8BD6 /* [CP] Check Pods Manifest.lock */ = {
			isa = PBXShellScriptBuildPhase;
			buildActionMask = 2147483647;
			files = (
			);
			inputPaths = (
			);
			name = "[CP] Check Pods Manifest.lock";
			outputPaths = (
			);
			runOnlyForDeploymentPostprocessing = 0;
			shellPath = /bin/sh;
			shellScript = "diff \"${PODS_PODFILE_DIR_PATH}/Podfile.lock\" \"${PODS_ROOT}/Manifest.lock\" > /dev/null\nif [ $? != 0 ] ; then\n    # print error to STDERR\n    echo \"error: The sandbox is not in sync with the Podfile.lock. Run 'pod install' or update your CocoaPods installation.\" >&2\n    exit 1\nfi\n";
			showEnvVarsInLog = 0;
		};
		A6E5E1CC9E0E8A6761DDE090 /* [CP] Embed Pods Frameworks */ = {
			isa = PBXShellScriptBuildPhase;
			buildActionMask = 2147483647;
			files = (
			);
			inputPaths = (
			);
			name = "[CP] Embed Pods Frameworks";
			outputPaths = (
			);
			runOnlyForDeploymentPostprocessing = 0;
			shellPath = /bin/sh;
			shellScript = "\"${SRCROOT}/Pods/Target Support Files/Pods-crio-ios/Pods-crio-ios-frameworks.sh\"\n";
			showEnvVarsInLog = 0;
		};
		D51E41AF7E86653D4AD219F6 /* [CP] Copy Pods Resources */ = {
			isa = PBXShellScriptBuildPhase;
			buildActionMask = 2147483647;
			files = (
			);
			inputPaths = (
			);
			name = "[CP] Copy Pods Resources";
			outputPaths = (
			);
			runOnlyForDeploymentPostprocessing = 0;
			shellPath = /bin/sh;
			shellScript = "\"${SRCROOT}/Pods/Target Support Files/Pods-crio-ios/Pods-crio-ios-resources.sh\"\n";
			showEnvVarsInLog = 0;
		};
/* End PBXShellScriptBuildPhase section */

/* Begin PBXSourcesBuildPhase section */
		2806B4E91E370C2600CAC645 /* Sources */ = {
			isa = PBXSourcesBuildPhase;
			buildActionMask = 2147483647;
			files = (
				28639B941ED2B2930014728A /* CrioSite.swift in Sources */,
				2806B4F31E370C2600CAC645 /* ViewController.swift in Sources */,
				28DF5D8C1ED1E56400A41A14 /* logInRequest.swift in Sources */,
				286937D71EDB806A00FB1C54 /* crioWebService.swift in Sources */,
				28DF5D941ED2904200A41A14 /* CrioUser.swift in Sources */,
				2806B4F11E370C2600CAC645 /* AppDelegate.swift in Sources */,
				28DF5D921ED1F93B00A41A14 /* loginResponse.swift in Sources */,
			);
			runOnlyForDeploymentPostprocessing = 0;
		};
/* End PBXSourcesBuildPhase section */

/* Begin PBXVariantGroup section */
		2806B4F41E370C2600CAC645 /* Main.storyboard */ = {
			isa = PBXVariantGroup;
			children = (
				2806B4F51E370C2600CAC645 /* Base */,
			);
			name = Main.storyboard;
			sourceTree = "<group>";
		};
		2806B4F91E370C2600CAC645 /* LaunchScreen.storyboard */ = {
			isa = PBXVariantGroup;
			children = (
				2806B4FA1E370C2600CAC645 /* Base */,
			);
			name = LaunchScreen.storyboard;
			sourceTree = "<group>";
		};
/* End PBXVariantGroup section */

/* Begin XCBuildConfiguration section */
		2806B4FD1E370C2600CAC645 /* Debug */ = {
			isa = XCBuildConfiguration;
			buildSettings = {
				ALWAYS_SEARCH_USER_PATHS = NO;
				CLANG_ANALYZER_NONNULL = YES;
				CLANG_CXX_LANGUAGE_STANDARD = "gnu++0x";
				CLANG_CXX_LIBRARY = "libc++";
				CLANG_ENABLE_MODULES = YES;
				CLANG_ENABLE_OBJC_ARC = YES;
				CLANG_WARN_BOOL_CONVERSION = YES;
				CLANG_WARN_CONSTANT_CONVERSION = YES;
				CLANG_WARN_DIRECT_OBJC_ISA_USAGE = YES_ERROR;
				CLANG_WARN_DOCUMENTATION_COMMENTS = YES;
				CLANG_WARN_EMPTY_BODY = YES;
				CLANG_WARN_ENUM_CONVERSION = YES;
				CLANG_WARN_INFINITE_RECURSION = YES;
				CLANG_WARN_INT_CONVERSION = YES;
				CLANG_WARN_OBJC_ROOT_CLASS = YES_ERROR;
				CLANG_WARN_SUSPICIOUS_MOVE = YES;
				CLANG_WARN_UNREACHABLE_CODE = YES;
				CLANG_WARN__DUPLICATE_METHOD_MATCH = YES;
				"CODE_SIGN_IDENTITY[sdk=iphoneos*]" = "iPhone Developer";
				COPY_PHASE_STRIP = NO;
				DEBUG_INFORMATION_FORMAT = dwarf;
				ENABLE_STRICT_OBJC_MSGSEND = YES;
				ENABLE_TESTABILITY = YES;
				GCC_C_LANGUAGE_STANDARD = gnu99;
				GCC_DYNAMIC_NO_PIC = NO;
				GCC_NO_COMMON_BLOCKS = YES;
				GCC_OPTIMIZATION_LEVEL = 0;
				GCC_PREPROCESSOR_DEFINITIONS = (
					"DEBUG=1",
					"$(inherited)",
				);
				GCC_WARN_64_TO_32_BIT_CONVERSION = YES;
				GCC_WARN_ABOUT_RETURN_TYPE = YES_ERROR;
				GCC_WARN_UNDECLARED_SELECTOR = YES;
				GCC_WARN_UNINITIALIZED_AUTOS = YES_AGGRESSIVE;
				GCC_WARN_UNUSED_FUNCTION = YES;
				GCC_WARN_UNUSED_VARIABLE = YES;
				IPHONEOS_DEPLOYMENT_TARGET = 10.2;
				MTL_ENABLE_DEBUG_INFO = YES;
				ONLY_ACTIVE_ARCH = YES;
				SDKROOT = iphoneos;
				SWIFT_ACTIVE_COMPILATION_CONDITIONS = DEBUG;
				SWIFT_OPTIMIZATION_LEVEL = "-Onone";
			};
			name = Debug;
		};
		2806B4FE1E370C2600CAC645 /* Release */ = {
			isa = XCBuildConfiguration;
			buildSettings = {
				ALWAYS_SEARCH_USER_PATHS = NO;
				CLANG_ANALYZER_NONNULL = YES;
				CLANG_CXX_LANGUAGE_STANDARD = "gnu++0x";
				CLANG_CXX_LIBRARY = "libc++";
				CLANG_ENABLE_MODULES = YES;
				CLANG_ENABLE_OBJC_ARC = YES;
				CLANG_WARN_BOOL_CONVERSION = YES;
				CLANG_WARN_CONSTANT_CONVERSION = YES;
				CLANG_WARN_DIRECT_OBJC_ISA_USAGE = YES_ERROR;
				CLANG_WARN_DOCUMENTATION_COMMENTS = YES;
				CLANG_WARN_EMPTY_BODY = YES;
				CLANG_WARN_ENUM_CONVERSION = YES;
				CLANG_WARN_INFINITE_RECURSION = YES;
				CLANG_WARN_INT_CONVERSION = YES;
				CLANG_WARN_OBJC_ROOT_CLASS = YES_ERROR;
				CLANG_WARN_SUSPICIOUS_MOVE = YES;
				CLANG_WARN_UNREACHABLE_CODE = YES;
				CLANG_WARN__DUPLICATE_METHOD_MATCH = YES;
				"CODE_SIGN_IDENTITY[sdk=iphoneos*]" = "iPhone Developer";
				COPY_PHASE_STRIP = NO;
				DEBUG_INFORMATION_FORMAT = "dwarf-with-dsym";
				ENABLE_NS_ASSERTIONS = NO;
				ENABLE_STRICT_OBJC_MSGSEND = YES;
				GCC_C_LANGUAGE_STANDARD = gnu99;
				GCC_NO_COMMON_BLOCKS = YES;
				GCC_WARN_64_TO_32_BIT_CONVERSION = YES;
				GCC_WARN_ABOUT_RETURN_TYPE = YES_ERROR;
				GCC_WARN_UNDECLARED_SELECTOR = YES;
				GCC_WARN_UNINITIALIZED_AUTOS = YES_AGGRESSIVE;
				GCC_WARN_UNUSED_FUNCTION = YES;
				GCC_WARN_UNUSED_VARIABLE = YES;
				IPHONEOS_DEPLOYMENT_TARGET = 10.2;
				MTL_ENABLE_DEBUG_INFO = NO;
				SDKROOT = iphoneos;
				SWIFT_OPTIMIZATION_LEVEL = "-Owholemodule";
				VALIDATE_PRODUCT = YES;
			};
			name = Release;
		};
		2806B5001E370C2600CAC645 /* Debug */ = {
			isa = XCBuildConfiguration;
			baseConfigurationReference = 6B7B553468A4E1138ECD5047 /* Pods-crio-ios.debug.xcconfig */;
			buildSettings = {
				ASSETCATALOG_COMPILER_APPICON_NAME = AppIcon;
				INFOPLIST_FILE = "crio-ios/Info.plist";
				LD_RUNPATH_SEARCH_PATHS = "$(inherited) @executable_path/Frameworks";
				PRODUCT_BUNDLE_IDENTIFIER = "home.crio-ios";
				PRODUCT_NAME = "$(TARGET_NAME)";
				SWIFT_VERSION = 3.0;
			};
			name = Debug;
		};
		2806B5011E370C2600CAC645 /* Release */ = {
			isa = XCBuildConfiguration;
			baseConfigurationReference = E05D55B913F58ADF9B663503 /* Pods-crio-ios.release.xcconfig */;
			buildSettings = {
				ASSETCATALOG_COMPILER_APPICON_NAME = AppIcon;
				INFOPLIST_FILE = "crio-ios/Info.plist";
				LD_RUNPATH_SEARCH_PATHS = "$(inherited) @executable_path/Frameworks";
				PRODUCT_BUNDLE_IDENTIFIER = "home.crio-ios";
				PRODUCT_NAME = "$(TARGET_NAME)";
				SWIFT_VERSION = 3.0;
			};
			name = Release;
		};
/* End XCBuildConfiguration section */

/* Begin XCConfigurationList section */
		2806B4E81E370C2600CAC645 /* Build configuration list for PBXProject "crio-ios" */ = {
			isa = XCConfigurationList;
			buildConfigurations = (
				2806B4FD1E370C2600CAC645 /* Debug */,
				2806B4FE1E370C2600CAC645 /* Release */,
			);
			defaultConfigurationIsVisible = 0;
			defaultConfigurationName = Release;
		};
		2806B4FF1E370C2600CAC645 /* Build configuration list for PBXNativeTarget "crio-ios" */ = {
			isa = XCConfigurationList;
			buildConfigurations = (
				2806B5001E370C2600CAC645 /* Debug */,
				2806B5011E370C2600CAC645 /* Release */,
			);
			defaultConfigurationIsVisible = 0;
			defaultConfigurationName = Release;
		};
/* End XCConfigurationList section */
	};
	rootObject = 2806B4E51E370C2600CAC645 /* Project object */;
}
